
Microsoft Visual Studio Solution File, Format Version 12.00
# Visual Studio Version 16
VisualStudioVersion = 16.0.30011.22
MinimumVisualStudioVersion = 10.0.40219.1
Project("{9A19103F-16F7-4668-BE54-9A1E7A4F7556}") = "Age", "Age.prj\Age.csproj", "{BD3BB33E-F07B-4F66-B7AA-D5A890C5D95A}"
EndProject
Project("{9A19103F-16F7-4668-BE54-9A1E7A4F7556}") = "Array", "Array.prj\Array.csproj", "{2019F41B-DF32-40C9-B0B3-B7B27B7A69B7}"
EndProject
Project("{9A19103F-16F7-4668-BE54-9A1E7A4F7556}") = "Triangle", "Triangle.prj\Triangle.csproj", "{DF9CEB36-F534-444E-8E6B-8E7F4FA78074}"
EndProject
Global
	GlobalSection(SolutionConfigurationPlatforms) = preSolution
		Debug|Any CPU = Debug|Any CPU
		Release|Any CPU = Release|Any CPU
	EndGlobalSection
	GlobalSection(ProjectConfigurationPlatforms) = postSolution
		{BD3BB33E-F07B-4F66-B7AA-D5A890C5D95A}.Debug|Any CPU.ActiveCfg = Debug|Any CPU
		{BD3BB33E-F07B-4F66-B7AA-D5A890C5D95A}.Debug|Any CPU.Build.0 = Debug|Any CPU
		{BD3BB33E-F07B-4F66-B7AA-D5A890C5D95A}.Release|Any CPU.ActiveCfg = Release|Any CPU
		{BD3BB33E-F07B-4F66-B7AA-D5A890C5D95A}.Release|Any CPU.Build.0 = Release|Any CPU
		{2019F41B-DF32-40C9-B0B3-B7B27B7A69B7}.Debug|Any CPU.ActiveCfg = Debug|Any CPU
		{2019F41B-DF32-40C9-B0B3-B7B27B7A69B7}.Debug|Any CPU.Build.0 = Debug|Any CPU
		{2019F41B-DF32-40C9-B0B3-B7B27B7A69B7}.Release|Any CPU.ActiveCfg = Release|Any CPU
		{2019F41B-DF32-40C9-B0B3-B7B27B7A69B7}.Release|Any CPU.Build.0 = Release|Any CPU
		{DF9CEB36-F534-444E-8E6B-8E7F4FA78074}.Debug|Any CPU.ActiveCfg = Debug|Any CPU
		{DF9CEB36-F534-444E-8E6B-8E7F4FA78074}.Debug|Any CPU.Build.0 = Debug|Any CPU
		{DF9CEB36-F534-444E-8E6B-8E7F4FA78074}.Release|Any CPU.ActiveCfg = Release|Any CPU
		{DF9CEB36-F534-444E-8E6B-8E7F4FA78074}.Release|Any CPU.Build.0 = Release|Any CPU
	EndGlobalSection
	GlobalSection(SolutionProperties) = preSolution
		HideSolutionNode = FALSE
	EndGlobalSection
	GlobalSection(ExtensibilityGlobals) = postSolution
		SolutionGuid = {13C47EA8-243B-49B6-8C51-57B18B4116C1}
	EndGlobalSection
EndGlobal
